
Microsoft Visual Studio Solution File, Format Version 12.00
# Visual Studio Version 16
VisualStudioVersion = 16.0.31829.152
MinimumVisualStudioVersion = 10.0.40219.1
Project("{8BC9CEB8-8B4A-11D0-8D11-00A0C91BC942}") = "Sample", "Sample\Sample.vcxproj", "{713C2E96-5AC7-4D74-BC50-A722CCD531C8}"
EndProject
Project("{8BC9CEB8-8B4A-11D0-8D11-00A0C91BC942}") = "E1_OSVersion", "E1_OSVersion\E1_OSVersion.vcxproj", "{931727FC-2318-4C4A-8754-BFD8C5E99442}"
EndProject
Project("{8BC9CEB8-8B4A-11D0-8D11-00A0C91BC942}") = "S2_DynMemAlloc", "S2_DynMemAlloc\S2_DynMemAlloc.vcxproj", "{30C88EDE-B59E-4177-9B9E-60D019FC1054}"
EndProject
Project("{8BC9CEB8-8B4A-11D0-8D11-00A0C91BC942}") = "S3_PriorityBooster", "S3_PriorityBooster\S3_PriorityBooster.vcxproj", "{C03875C1-D0E4-4616-974B-982EE9A74723}"
EndProject
Project("{8BC9CEB8-8B4A-11D0-8D11-00A0C91BC942}") = "S3_PriorityBoosterClient", "S3_PriorityBoosterClient\S3_PriorityBoosterClient.vcxproj", "{099387F2-A949-4D5D-8D1A-D4835A10560A}"
EndProject
Project("{8BC9CEB8-8B4A-11D0-8D11-00A0C91BC942}") = "S4_Zero", "S4_Zero\S4_Zero.vcxproj", "{7D2EC403-A6CD-4A5A-9F54-BC138777DF5A}"
EndProject
Project("{8BC9CEB8-8B4A-11D0-8D11-00A0C91BC942}") = "S4_ZeroClient", "S4_ZeroClient\S4_ZeroClient.vcxproj", "{9FBCE475-FF6C-4568-80F5-43AB385BA782}"
EndProject
Project("{8BC9CEB8-8B4A-11D0-8D11-00A0C91BC942}") = "S5_SysMon", "S5_SysMon\S5_SysMon.vcxproj", "{7E26BD3D-161A-4D67-AA87-4CE5594BFCE2}"
EndProject
Project("{8BC9CEB8-8B4A-11D0-8D11-00A0C91BC942}") = "S5_SysMonClient", "S5_SysMonClient\S5_SysMonClient.vcxproj", "{14DF9B2B-7788-402F-AF69-B225BE28D484}"
EndProject
Project("{8BC9CEB8-8B4A-11D0-8D11-00A0C91BC942}") = "S6_ProcessProtect", "S6_ProcessProtect\S6_ProcessProtect.vcxproj", "{967410B9-FBF7-4477-8A60-383FB69BFC7F}"
EndProject
Project("{8BC9CEB8-8B4A-11D0-8D11-00A0C91BC942}") = "S6_ProcessProtectClient", "S6_ProcessProtectClient\S6_ProcessProtectClient.vcxproj", "{CFBA4FBB-7820-4CC2-BB2D-CE9E16DDBA0F}"
EndProject
Global
	GlobalSection(SolutionConfigurationPlatforms) = preSolution
		Debug|ARM = Debug|ARM
		Debug|ARM64 = Debug|ARM64
		Debug|x64 = Debug|x64
		Debug|x86 = Debug|x86
		Release|ARM = Release|ARM
		Release|ARM64 = Release|ARM64
		Release|x64 = Release|x64
		Release|x86 = Release|x86
	EndGlobalSection
	GlobalSection(ProjectConfigurationPlatforms) = postSolution
		{713C2E96-5AC7-4D74-BC50-A722CCD531C8}.Debug|ARM.ActiveCfg = Debug|ARM
		{713C2E96-5AC7-4D74-BC50-A722CCD531C8}.Debug|ARM.Build.0 = Debug|ARM
		{713C2E96-5AC7-4D74-BC50-A722CCD531C8}.Debug|ARM.Deploy.0 = Debug|ARM
		{713C2E96-5AC7-4D74-BC50-A722CCD531C8}.Debug|ARM64.ActiveCfg = Debug|ARM64
		{713C2E96-5AC7-4D74-BC50-A722CCD531C8}.Debug|ARM64.Build.0 = Debug|ARM64
		{713C2E96-5AC7-4D74-BC50-A722CCD531C8}.Debug|ARM64.Deploy.0 = Debug|ARM64
		{713C2E96-5AC7-4D74-BC50-A722CCD531C8}.Debug|x64.ActiveCfg = Debug|x64
		{713C2E96-5AC7-4D74-BC50-A722CCD531C8}.Debug|x64.Build.0 = Debug|x64
		{713C2E96-5AC7-4D74-BC50-A722CCD531C8}.Debug|x64.Deploy.0 = Debug|x64
		{713C2E96-5AC7-4D74-BC50-A722CCD531C8}.Debug|x86.ActiveCfg = Debug|Win32
		{713C2E96-5AC7-4D74-BC50-A722CCD531C8}.Debug|x86.Build.0 = Debug|Win32
		{713C2E96-5AC7-4D74-BC50-A722CCD531C8}.Debug|x86.Deploy.0 = Debug|Win32
		{713C2E96-5AC7-4D74-BC50-A722CCD531C8}.Release|ARM.ActiveCfg = Release|ARM
		{713C2E96-5AC7-4D74-BC50-A722CCD531C8}.Release|ARM.Build.0 = Release|ARM
		{713C2E96-5AC7-4D74-BC50-A722CCD531C8}.Release|ARM.Deploy.0 = Release|ARM
		{713C2E96-5AC7-4D74-BC50-A722CCD531C8}.Release|ARM64.ActiveCfg = Release|ARM64
		{713C2E96-5AC7-4D74-BC50-A722CCD531C8}.Release|ARM64.Build.0 = Release|ARM64
		{713C2E96-5AC7-4D74-BC50-A722CCD531C8}.Release|ARM64.Deploy.0 = Release|ARM64
		{713C2E96-5AC7-4D74-BC50-A722CCD531C8}.Release|x64.ActiveCfg = Release|x64
		{713C2E96-5AC7-4D74-BC50-A722CCD531C8}.Release|x64.Build.0 = Release|x64
		{713C2E96-5AC7-4D74-BC50-A722CCD531C8}.Release|x64.Deploy.0 = Release|x64
		{713C2E96-5AC7-4D74-BC50-A722CCD531C8}.Release|x86.ActiveCfg = Release|Win32
		{713C2E96-5AC7-4D74-BC50-A722CCD531C8}.Release|x86.Build.0 = Release|Win32
		{713C2E96-5AC7-4D74-BC50-A722CCD531C8}.Release|x86.Deploy.0 = Release|Win32
		{931727FC-2318-4C4A-8754-BFD8C5E99442}.Debug|ARM.ActiveCfg = Debug|ARM
		{931727FC-2318-4C4A-8754-BFD8C5E99442}.Debug|ARM.Build.0 = Debug|ARM
		{931727FC-2318-4C4A-8754-BFD8C5E99442}.Debug|ARM.Deploy.0 = Debug|ARM
		{931727FC-2318-4C4A-8754-BFD8C5E99442}.Debug|ARM64.ActiveCfg = Debug|ARM64
		{931727FC-2318-4C4A-8754-BFD8C5E99442}.Debug|ARM64.Build.0 = Debug|ARM64
		{931727FC-2318-4C4A-8754-BFD8C5E99442}.Debug|ARM64.Deploy.0 = Debug|ARM64
		{931727FC-2318-4C4A-8754-BFD8C5E99442}.Debug|x64.ActiveCfg = Debug|x64
		{931727FC-2318-4C4A-8754-BFD8C5E99442}.Debug|x64.Build.0 = Debug|x64
		{931727FC-2318-4C4A-8754-BFD8C5E99442}.Debug|x64.Deploy.0 = Debug|x64
		{931727FC-2318-4C4A-8754-BFD8C5E99442}.Debug|x86.ActiveCfg = Debug|Win32
		{931727FC-2318-4C4A-8754-BFD8C5E99442}.Debug|x86.Build.0 = Debug|Win32
		{931727FC-2318-4C4A-8754-BFD8C5E99442}.Debug|x86.Deploy.0 = Debug|Win32
		{931727FC-2318-4C4A-8754-BFD8C5E99442}.Release|ARM.ActiveCfg = Release|ARM
		{931727FC-2318-4C4A-8754-BFD8C5E99442}.Release|ARM.Build.0 = Release|ARM
		{931727FC-2318-4C4A-8754-BFD8C5E99442}.Release|ARM.Deploy.0 = Release|ARM
		{931727FC-2318-4C4A-8754-BFD8C5E99442}.Release|ARM64.ActiveCfg = Release|ARM64
		{931727FC-2318-4C4A-8754-BFD8C5E99442}.Release|ARM64.Build.0 = Release|ARM64
		{931727FC-2318-4C4A-8754-BFD8C5E99442}.Release|ARM64.Deploy.0 = Release|ARM64
		{931727FC-2318-4C4A-8754-BFD8C5E99442}.Release|x64.ActiveCfg = Release|x64
		{931727FC-2318-4C4A-8754-BFD8C5E99442}.Release|x64.Build.0 = Release|x64
		{931727FC-2318-4C4A-8754-BFD8C5E99442}.Release|x64.Deploy.0 = Release|x64
		{931727FC-2318-4C4A-8754-BFD8C5E99442}.Release|x86.ActiveCfg = Release|Win32
		{931727FC-2318-4C4A-8754-BFD8C5E99442}.Release|x86.Build.0 = Release|Win32
		{931727FC-2318-4C4A-8754-BFD8C5E99442}.Release|x86.Deploy.0 = Release|Win32
		{30C88EDE-B59E-4177-9B9E-60D019FC1054}.Debug|ARM.ActiveCfg = Debug|ARM
		{30C88EDE-B59E-4177-9B9E-60D019FC1054}.Debug|ARM.Build.0 = Debug|ARM
		{30C88EDE-B59E-4177-9B9E-60D019FC1054}.Debug|ARM.Deploy.0 = Debug|ARM
		{30C88EDE-B59E-4177-9B9E-60D019FC1054}.Debug|ARM64.ActiveCfg = Debug|ARM64
		{30C88EDE-B59E-4177-9B9E-60D019FC1054}.Debug|ARM64.Build.0 = Debug|ARM64
		{30C88EDE-B59E-4177-9B9E-60D019FC1054}.Debug|ARM64.Deploy.0 = Debug|ARM64
		{30C88EDE-B59E-4177-9B9E-60D019FC1054}.Debug|x64.ActiveCfg = Debug|x64
		{30C88EDE-B59E-4177-9B9E-60D019FC1054}.Debug|x64.Build.0 = Debug|x64
		{30C88EDE-B59E-4177-9B9E-60D019FC1054}.Debug|x64.Deploy.0 = Debug|x64
		{30C88EDE-B59E-4177-9B9E-60D019FC1054}.Debug|x86.ActiveCfg = Debug|Win32
		{30C88EDE-B59E-4177-9B9E-60D019FC1054}.Debug|x86.Build.0 = Debug|Win32
		{30C88EDE-B59E-4177-9B9E-60D019FC1054}.Debug|x86.Deploy.0 = Debug|Win32
		{30C88EDE-B59E-4177-9B9E-60D019FC1054}.Release|ARM.ActiveCfg = Release|ARM
		{30C88EDE-B59E-4177-9B9E-60D019FC1054}.Release|ARM.Build.0 = Release|ARM
		{30C88EDE-B59E-4177-9B9E-60D019FC1054}.Release|ARM.Deploy.0 = Release|ARM
		{30C88EDE-B59E-4177-9B9E-60D019FC1054}.Release|ARM64.ActiveCfg = Release|ARM64
		{30C88EDE-B59E-4177-9B9E-60D019FC1054}.Release|ARM64.Build.0 = Release|ARM64
		{30C88EDE-B59E-4177-9B9E-60D019FC1054}.Release|ARM64.Deploy.0 = Release|ARM64
		{30C88EDE-B59E-4177-9B9E-60D019FC1054}.Release|x64.ActiveCfg = Release|x64
		{30C88EDE-B59E-4177-9B9E-60D019FC1054}.Release|x64.Build.0 = Release|x64
		{30C88EDE-B59E-4177-9B9E-60D019FC1054}.Release|x64.Deploy.0 = Release|x64
		{30C88EDE-B59E-4177-9B9E-60D019FC1054}.Release|x86.ActiveCfg = Release|Win32
		{30C88EDE-B59E-4177-9B9E-60D019FC1054}.Release|x86.Build.0 = Release|Win32
		{30C88EDE-B59E-4177-9B9E-60D019FC1054}.Release|x86.Deploy.0 = Release|Win32
		{C03875C1-D0E4-4616-974B-982EE9A74723}.Debug|ARM.ActiveCfg = Debug|ARM
		{C03875C1-D0E4-4616-974B-982EE9A74723}.Debug|ARM.Build.0 = Debug|ARM
		{C03875C1-D0E4-4616-974B-982EE9A74723}.Debug|ARM.Deploy.0 = Debug|ARM
		{C03875C1-D0E4-4616-974B-982EE9A74723}.Debug|ARM64.ActiveCfg = Debug|ARM64
		{C03875C1-D0E4-4616-974B-982EE9A74723}.Debug|ARM64.Build.0 = Debug|ARM64
		{C03875C1-D0E4-4616-974B-982EE9A74723}.Debug|ARM64.Deploy.0 = Debug|ARM64
		{C03875C1-D0E4-4616-974B-982EE9A74723}.Debug|x64.ActiveCfg = Debug|x64
		{C03875C1-D0E4-4616-974B-982EE9A74723}.Debug|x64.Build.0 = Debug|x64
		{C03875C1-D0E4-4616-974B-982EE9A74723}.Debug|x64.Deploy.0 = Debug|x64
		{C03875C1-D0E4-4616-974B-982EE9A74723}.Debug|x86.ActiveCfg = Debug|Win32
		{C03875C1-D0E4-4616-974B-982EE9A74723}.Debug|x86.Build.0 = Debug|Win32
		{C03875C1-D0E4-4616-974B-982EE9A74723}.Debug|x86.Deploy.0 = Debug|Win32
		{C03875C1-D0E4-4616-974B-982EE9A74723}.Release|ARM.ActiveCfg = Release|ARM
		{C03875C1-D0E4-4616-974B-982EE9A74723}.Release|ARM.Build.0 = Release|ARM
		{C03875C1-D0E4-4616-974B-982EE9A74723}.Release|ARM.Deploy.0 = Release|ARM
		{C03875C1-D0E4-4616-974B-982EE9A74723}.Release|ARM64.ActiveCfg = Release|ARM64
		{C03875C1-D0E4-4616-974B-982EE9A74723}.Release|ARM64.Build.0 = Release|ARM64
		{C03875C1-D0E4-4616-974B-982EE9A74723}.Release|ARM64.Deploy.0 = Release|ARM64
		{C03875C1-D0E4-4616-974B-982EE9A74723}.Release|x64.ActiveCfg = Release|x64
		{C03875C1-D0E4-4616-974B-982EE9A74723}.Release|x64.Build.0 = Release|x64
		{C03875C1-D0E4-4616-974B-982EE9A74723}.Release|x64.Deploy.0 = Release|x64
		{C03875C1-D0E4-4616-974B-982EE9A74723}.Release|x86.ActiveCfg = Release|Win32
		{C03875C1-D0E4-4616-974B-982EE9A74723}.Release|x86.Build.0 = Release|Win32
		{C03875C1-D0E4-4616-974B-982EE9A74723}.Release|x86.Deploy.0 = Release|Win32
		{099387F2-A949-4D5D-8D1A-D4835A10560A}.Debug|ARM.ActiveCfg = Debug|Win32
		{099387F2-A949-4D5D-8D1A-D4835A10560A}.Debug|ARM64.ActiveCfg = Debug|Win32
		{099387F2-A949-4D5D-8D1A-D4835A10560A}.Debug|x64.ActiveCfg = Debug|x64
		{099387F2-A949-4D5D-8D1A-D4835A10560A}.Debug|x64.Build.0 = Debug|x64
		{099387F2-A949-4D5D-8D1A-D4835A10560A}.Debug|x86.ActiveCfg = Debug|Win32
		{099387F2-A949-4D5D-8D1A-D4835A10560A}.Debug|x86.Build.0 = Debug|Win32
		{099387F2-A949-4D5D-8D1A-D4835A10560A}.Release|ARM.ActiveCfg = Release|Win32
		{099387F2-A949-4D5D-8D1A-D4835A10560A}.Release|ARM64.ActiveCfg = Release|Win32
		{099387F2-A949-4D5D-8D1A-D4835A10560A}.Release|x64.ActiveCfg = Release|x64
		{099387F2-A949-4D5D-8D1A-D4835A10560A}.Release|x64.Build.0 = Release|x64
		{099387F2-A949-4D5D-8D1A-D4835A10560A}.Release|x86.ActiveCfg = Release|Win32
		{099387F2-A949-4D5D-8D1A-D4835A10560A}.Release|x86.Build.0 = Release|Win32
		{7D2EC403-A6CD-4A5A-9F54-BC138777DF5A}.Debug|ARM.ActiveCfg = Debug|ARM
		{7D2EC403-A6CD-4A5A-9F54-BC138777DF5A}.Debug|ARM.Build.0 = Debug|ARM
		{7D2EC403-A6CD-4A5A-9F54-BC138777DF5A}.Debug|ARM.Deploy.0 = Debug|ARM
		{7D2EC403-A6CD-4A5A-9F54-BC138777DF5A}.Debug|ARM64.ActiveCfg = Debug|ARM64
		{7D2EC403-A6CD-4A5A-9F54-BC138777DF5A}.Debug|ARM64.Build.0 = Debug|ARM64
		{7D2EC403-A6CD-4A5A-9F54-BC138777DF5A}.Debug|ARM64.Deploy.0 = Debug|ARM64
		{7D2EC403-A6CD-4A5A-9F54-BC138777DF5A}.Debug|x64.ActiveCfg = Debug|x64
		{7D2EC403-A6CD-4A5A-9F54-BC138777DF5A}.Debug|x64.Build.0 = Debug|x64
		{7D2EC403-A6CD-4A5A-9F54-BC138777DF5A}.Debug|x64.Deploy.0 = Debug|x64
		{7D2EC403-A6CD-4A5A-9F54-BC138777DF5A}.Debug|x86.ActiveCfg = Debug|Win32
		{7D2EC403-A6CD-4A5A-9F54-BC138777DF5A}.Debug|x86.Build.0 = Debug|Win32
		{7D2EC403-A6CD-4A5A-9F54-BC138777DF5A}.Debug|x86.Deploy.0 = Debug|Win32
		{7D2EC403-A6CD-4A5A-9F54-BC138777DF5A}.Release|ARM.ActiveCfg = Release|ARM
		{7D2EC403-A6CD-4A5A-9F54-BC138777DF5A}.Release|ARM.Build.0 = Release|ARM
		{7D2EC403-A6CD-4A5A-9F54-BC138777DF5A}.Release|ARM.Deploy.0 = Release|ARM
		{7D2EC403-A6CD-4A5A-9F54-BC138777DF5A}.Release|ARM64.ActiveCfg = Release|ARM64
		{7D2EC403-A6CD-4A5A-9F54-BC138777DF5A}.Release|ARM64.Build.0 = Release|ARM64
		{7D2EC403-A6CD-4A5A-9F54-BC138777DF5A}.Release|ARM64.Deploy.0 = Release|ARM64
		{7D2EC403-A6CD-4A5A-9F54-BC138777DF5A}.Release|x64.ActiveCfg = Release|x64
		{7D2EC403-A6CD-4A5A-9F54-BC138777DF5A}.Release|x64.Build.0 = Release|x64
		{7D2EC403-A6CD-4A5A-9F54-BC138777DF5A}.Release|x64.Deploy.0 = Release|x64
		{7D2EC403-A6CD-4A5A-9F54-BC138777DF5A}.Release|x86.ActiveCfg = Release|Win32
		{7D2EC403-A6CD-4A5A-9F54-BC138777DF5A}.Release|x86.Build.0 = Release|Win32
		{7D2EC403-A6CD-4A5A-9F54-BC138777DF5A}.Release|x86.Deploy.0 = Release|Win32
		{9FBCE475-FF6C-4568-80F5-43AB385BA782}.Debug|ARM.ActiveCfg = Debug|Win32
		{9FBCE475-FF6C-4568-80F5-43AB385BA782}.Debug|ARM64.ActiveCfg = Debug|Win32
		{9FBCE475-FF6C-4568-80F5-43AB385BA782}.Debug|x64.ActiveCfg = Debug|x64
		{9FBCE475-FF6C-4568-80F5-43AB385BA782}.Debug|x64.Build.0 = Debug|x64
		{9FBCE475-FF6C-4568-80F5-43AB385BA782}.Debug|x86.ActiveCfg = Debug|Win32
		{9FBCE475-FF6C-4568-80F5-43AB385BA782}.Debug|x86.Build.0 = Debug|Win32
		{9FBCE475-FF6C-4568-80F5-43AB385BA782}.Release|ARM.ActiveCfg = Release|Win32
		{9FBCE475-FF6C-4568-80F5-43AB385BA782}.Release|ARM64.ActiveCfg = Release|Win32
		{9FBCE475-FF6C-4568-80F5-43AB385BA782}.Release|x64.ActiveCfg = Release|x64
		{9FBCE475-FF6C-4568-80F5-43AB385BA782}.Release|x64.Build.0 = Release|x64
		{9FBCE475-FF6C-4568-80F5-43AB385BA782}.Release|x86.ActiveCfg = Release|Win32
		{9FBCE475-FF6C-4568-80F5-43AB385BA782}.Release|x86.Build.0 = Release|Win32
		{7E26BD3D-161A-4D67-AA87-4CE5594BFCE2}.Debug|ARM.ActiveCfg = Debug|ARM
		{7E26BD3D-161A-4D67-AA87-4CE5594BFCE2}.Debug|ARM.Build.0 = Debug|ARM
		{7E26BD3D-161A-4D67-AA87-4CE5594BFCE2}.Debug|ARM.Deploy.0 = Debug|ARM
		{7E26BD3D-161A-4D67-AA87-4CE5594BFCE2}.Debug|ARM64.ActiveCfg = Debug|ARM64
		{7E26BD3D-161A-4D67-AA87-4CE5594BFCE2}.Debug|ARM64.Build.0 = Debug|ARM64
		{7E26BD3D-161A-4D67-AA87-4CE5594BFCE2}.Debug|ARM64.Deploy.0 = Debug|ARM64
		{7E26BD3D-161A-4D67-AA87-4CE5594BFCE2}.Debug|x64.ActiveCfg = Debug|x64
		{7E26BD3D-161A-4D67-AA87-4CE5594BFCE2}.Debug|x64.Build.0 = Debug|x64
		{7E26BD3D-161A-4D67-AA87-4CE5594BFCE2}.Debug|x64.Deploy.0 = Debug|x64
		{7E26BD3D-161A-4D67-AA87-4CE5594BFCE2}.Debug|x86.ActiveCfg = Debug|Win32
		{7E26BD3D-161A-4D67-AA87-4CE5594BFCE2}.Debug|x86.Build.0 = Debug|Win32
		{7E26BD3D-161A-4D67-AA87-4CE5594BFCE2}.Debug|x86.Deploy.0 = Debug|Win32
		{7E26BD3D-161A-4D67-AA87-4CE5594BFCE2}.Release|ARM.ActiveCfg = Release|ARM
		{7E26BD3D-161A-4D67-AA87-4CE5594BFCE2}.Release|ARM.Build.0 = Release|ARM
		{7E26BD3D-161A-4D67-AA87-4CE5594BFCE2}.Release|ARM.Deploy.0 = Release|ARM
		{7E26BD3D-161A-4D67-AA87-4CE5594BFCE2}.Release|ARM64.ActiveCfg = Release|ARM64
		{7E26BD3D-161A-4D67-AA87-4CE5594BFCE2}.Release|ARM64.Build.0 = Release|ARM64
		{7E26BD3D-161A-4D67-AA87-4CE5594BFCE2}.Release|ARM64.Deploy.0 = Release|ARM64
		{7E26BD3D-161A-4D67-AA87-4CE5594BFCE2}.Release|x64.ActiveCfg = Release|x64
		{7E26BD3D-161A-4D67-AA87-4CE5594BFCE2}.Release|x64.Build.0 = Release|x64
		{7E26BD3D-161A-4D67-AA87-4CE5594BFCE2}.Release|x64.Deploy.0 = Release|x64
		{7E26BD3D-161A-4D67-AA87-4CE5594BFCE2}.Release|x86.ActiveCfg = Release|Win32
		{7E26BD3D-161A-4D67-AA87-4CE5594BFCE2}.Release|x86.Build.0 = Release|Win32
		{7E26BD3D-161A-4D67-AA87-4CE5594BFCE2}.Release|x86.Deploy.0 = Release|Win32
		{14DF9B2B-7788-402F-AF69-B225BE28D484}.Debug|ARM.ActiveCfg = Debug|Win32
		{14DF9B2B-7788-402F-AF69-B225BE28D484}.Debug|ARM64.ActiveCfg = Debug|Win32
		{14DF9B2B-7788-402F-AF69-B225BE28D484}.Debug|x64.ActiveCfg = Debug|x64
		{14DF9B2B-7788-402F-AF69-B225BE28D484}.Debug|x64.Build.0 = Debug|x64
		{14DF9B2B-7788-402F-AF69-B225BE28D484}.Debug|x86.ActiveCfg = Debug|Win32
		{14DF9B2B-7788-402F-AF69-B225BE28D484}.Debug|x86.Build.0 = Debug|Win32
		{14DF9B2B-7788-402F-AF69-B225BE28D484}.Release|ARM.ActiveCfg = Release|Win32
		{14DF9B2B-7788-402F-AF69-B225BE28D484}.Release|ARM64.ActiveCfg = Release|Win32
		{14DF9B2B-7788-402F-AF69-B225BE28D484}.Release|x64.ActiveCfg = Release|x64
		{14DF9B2B-7788-402F-AF69-B225BE28D484}.Release|x64.Build.0 = Release|x64
		{14DF9B2B-7788-402F-AF69-B225BE28D484}.Release|x86.ActiveCfg = Release|Win32
		{14DF9B2B-7788-402F-AF69-B225BE28D484}.Release|x86.Build.0 = Release|Win32
		{967410B9-FBF7-4477-8A60-383FB69BFC7F}.Debug|ARM.ActiveCfg = Debug|ARM
		{967410B9-FBF7-4477-8A60-383FB69BFC7F}.Debug|ARM.Build.0 = Debug|ARM
		{967410B9-FBF7-4477-8A60-383FB69BFC7F}.Debug|ARM.Deploy.0 = Debug|ARM
		{967410B9-FBF7-4477-8A60-383FB69BFC7F}.Debug|ARM64.ActiveCfg = Debug|ARM64
		{967410B9-FBF7-4477-8A60-383FB69BFC7F}.Debug|ARM64.Build.0 = Debug|ARM64
		{967410B9-FBF7-4477-8A60-383FB69BFC7F}.Debug|ARM64.Deploy.0 = Debug|ARM64
		{967410B9-FBF7-4477-8A60-383FB69BFC7F}.Debug|x64.ActiveCfg = Debug|x64
		{967410B9-FBF7-4477-8A60-383FB69BFC7F}.Debug|x64.Build.0 = Debug|x64
		{967410B9-FBF7-4477-8A60-383FB69BFC7F}.Debug|x64.Deploy.0 = Debug|x64
		{967410B9-FBF7-4477-8A60-383FB69BFC7F}.Debug|x86.ActiveCfg = Debug|Win32
		{967410B9-FBF7-4477-8A60-383FB69BFC7F}.Debug|x86.Build.0 = Debug|Win32
		{967410B9-FBF7-4477-8A60-383FB69BFC7F}.Debug|x86.Deploy.0 = Debug|Win32
		{967410B9-FBF7-4477-8A60-383FB69BFC7F}.Release|ARM.ActiveCfg = Release|ARM
		{967410B9-FBF7-4477-8A60-383FB69BFC7F}.Release|ARM.Build.0 = Release|ARM
		{967410B9-FBF7-4477-8A60-383FB69BFC7F}.Release|ARM.Deploy.0 = Release|ARM
		{967410B9-FBF7-4477-8A60-383FB69BFC7F}.Release|ARM64.ActiveCfg = Release|ARM64
		{967410B9-FBF7-4477-8A60-383FB69BFC7F}.Release|ARM64.Build.0 = Release|ARM64
		{967410B9-FBF7-4477-8A60-383FB69BFC7F}.Release|ARM64.Deploy.0 = Release|ARM64
		{967410B9-FBF7-4477-8A60-383FB69BFC7F}.Release|x64.ActiveCfg = Release|x64
		{967410B9-FBF7-4477-8A60-383FB69BFC7F}.Release|x64.Build.0 = Release|x64
		{967410B9-FBF7-4477-8A60-383FB69BFC7F}.Release|x64.Deploy.0 = Release|x64
		{967410B9-FBF7-4477-8A60-383FB69BFC7F}.Release|x86.ActiveCfg = Release|Win32
		{967410B9-FBF7-4477-8A60-383FB69BFC7F}.Release|x86.Build.0 = Release|Win32
		{967410B9-FBF7-4477-8A60-383FB69BFC7F}.Release|x86.Deploy.0 = Release|Win32
		{CFBA4FBB-7820-4CC2-BB2D-CE9E16DDBA0F}.Debug|ARM.ActiveCfg = Debug|Win32
		{CFBA4FBB-7820-4CC2-BB2D-CE9E16DDBA0F}.Debug|ARM64.ActiveCfg = Debug|Win32
		{CFBA4FBB-7820-4CC2-BB2D-CE9E16DDBA0F}.Debug|x64.ActiveCfg = Debug|x64
		{CFBA4FBB-7820-4CC2-BB2D-CE9E16DDBA0F}.Debug|x64.Build.0 = Debug|x64
		{CFBA4FBB-7820-4CC2-BB2D-CE9E16DDBA0F}.Debug|x86.ActiveCfg = Debug|Win32
		{CFBA4FBB-7820-4CC2-BB2D-CE9E16DDBA0F}.Debug|x86.Build.0 = Debug|Win32
		{CFBA4FBB-7820-4CC2-BB2D-CE9E16DDBA0F}.Release|ARM.ActiveCfg = Release|Win32
		{CFBA4FBB-7820-4CC2-BB2D-CE9E16DDBA0F}.Release|ARM64.ActiveCfg = Release|Win32
		{CFBA4FBB-7820-4CC2-BB2D-CE9E16DDBA0F}.Release|x64.ActiveCfg = Release|x64
		{CFBA4FBB-7820-4CC2-BB2D-CE9E16DDBA0F}.Release|x64.Build.0 = Release|x64
		{CFBA4FBB-7820-4CC2-BB2D-CE9E16DDBA0F}.Release|x86.ActiveCfg = Release|Win32
		{CFBA4FBB-7820-4CC2-BB2D-CE9E16DDBA0F}.Release|x86.Build.0 = Release|Win32
	EndGlobalSection
	GlobalSection(SolutionProperties) = preSolution
		HideSolutionNode = FALSE
	EndGlobalSection
	GlobalSection(ExtensibilityGlobals) = postSolution
		SolutionGuid = {991F19F2-39F9-4F82-AD3A-275556CA0D5A}
	EndGlobalSection
EndGlobal
